
Microsoft Visual Studio Solution File, Format Version 12.00
# Visual Studio 2013
VisualStudioVersion = 12.0.40629.0
MinimumVisualStudioVersion = 10.0.40219.1
Project("{FAE04EC0-301F-11D3-BF4B-00C04F79EFBC}") = "2-1_选择排序", "2-1_选择排序\2-1_选择排序.csproj", "{71C8E850-2F08-48C2-8B63-CDE5B1616D53}"
EndProject
Project("{FAE04EC0-301F-11D3-BF4B-00C04F79EFBC}") = "2-2_插入排序", "2-2_插入排序\2-2_插入排序.csproj", "{9DBC9F39-6FC1-4DE3-ACED-5A3439D90E28}"
EndProject
Project("{FAE04EC0-301F-11D3-BF4B-00C04F79EFBC}") = "2-3_希尔排序", "2-3_希尔排序\2-3_希尔排序.csproj", "{BF278473-54F4-4F5F-B039-A806D457EC81}"
EndProject
Project("{FAE04EC0-301F-11D3-BF4B-00C04F79EFBC}") = "2-4_归并排序", "2-4_归并排序\2-4_归并排序.csproj", "{4C99880C-D6C2-4D80-A690-0413368FE207}"
EndProject
Project("{FAE04EC0-301F-11D3-BF4B-00C04F79EFBC}") = "2-5_快速排序", "2-4_快速排序\2-5_快速排序.csproj", "{AA5C8626-A97A-4A22-9F73-B5E7FD65797D}"
EndProject
Global
	GlobalSection(SolutionConfigurationPlatforms) = preSolution
		Debug|Any CPU = Debug|Any CPU
		Release|Any CPU = Release|Any CPU
	EndGlobalSection
	GlobalSection(ProjectConfigurationPlatforms) = postSolution
		{71C8E850-2F08-48C2-8B63-CDE5B1616D53}.Debug|Any CPU.ActiveCfg = Debug|Any CPU
		{71C8E850-2F08-48C2-8B63-CDE5B1616D53}.Debug|Any CPU.Build.0 = Debug|Any CPU
		{71C8E850-2F08-48C2-8B63-CDE5B1616D53}.Release|Any CPU.ActiveCfg = Release|Any CPU
		{71C8E850-2F08-48C2-8B63-CDE5B1616D53}.Release|Any CPU.Build.0 = Release|Any CPU
		{9DBC9F39-6FC1-4DE3-ACED-5A3439D90E28}.Debug|Any CPU.ActiveCfg = Debug|Any CPU
		{9DBC9F39-6FC1-4DE3-ACED-5A3439D90E28}.Debug|Any CPU.Build.0 = Debug|Any CPU
		{9DBC9F39-6FC1-4DE3-ACED-5A3439D90E28}.Release|Any CPU.ActiveCfg = Release|Any CPU
		{9DBC9F39-6FC1-4DE3-ACED-5A3439D90E28}.Release|Any CPU.Build.0 = Release|Any CPU
		{BF278473-54F4-4F5F-B039-A806D457EC81}.Debug|Any CPU.ActiveCfg = Debug|Any CPU
		{BF278473-54F4-4F5F-B039-A806D457EC81}.Debug|Any CPU.Build.0 = Debug|Any CPU
		{BF278473-54F4-4F5F-B039-A806D457EC81}.Release|Any CPU.ActiveCfg = Release|Any CPU
		{BF278473-54F4-4F5F-B039-A806D457EC81}.Release|Any CPU.Build.0 = Release|Any CPU
		{4C99880C-D6C2-4D80-A690-0413368FE207}.Debug|Any CPU.ActiveCfg = Debug|Any CPU
		{4C99880C-D6C2-4D80-A690-0413368FE207}.Debug|Any CPU.Build.0 = Debug|Any CPU
		{4C99880C-D6C2-4D80-A690-0413368FE207}.Release|Any CPU.ActiveCfg = Release|Any CPU
		{4C99880C-D6C2-4D80-A690-0413368FE207}.Release|Any CPU.Build.0 = Release|Any CPU
		{AA5C8626-A97A-4A22-9F73-B5E7FD65797D}.Debug|Any CPU.ActiveCfg = Debug|Any CPU
		{AA5C8626-A97A-4A22-9F73-B5E7FD65797D}.Debug|Any CPU.Build.0 = Debug|Any CPU
		{AA5C8626-A97A-4A22-9F73-B5E7FD65797D}.Release|Any CPU.ActiveCfg = Release|Any CPU
		{AA5C8626-A97A-4A22-9F73-B5E7FD65797D}.Release|Any CPU.Build.0 = Release|Any CPU
	EndGlobalSection
	GlobalSection(SolutionProperties) = preSolution
		HideSolutionNode = FALSE
	EndGlobalSection
EndGlobal
